
Microsoft Visual Studio Solution File, Format Version 12.00
# Visual Studio Version 16
VisualStudioVersion = 16.0.29709.97
MinimumVisualStudioVersion = 10.0.40219.1
Project("{2150E333-8FDC-42A3-9474-1A3956D46DE8}") = "Public", "Public", "{6CF4F621-97C5-424F-BE1A-D440713F3B0A}"
	ProjectSection(SolutionItems) = preProject
		EnhancedSpace2.xml = EnhancedSpace2.xml
		Registry.xml = Registry.xml
	EndProjectSection
EndProject
Project("{2150E333-8FDC-42A3-9474-1A3956D46DE8}") = "Diplomacy", "Diplomacy", "{E3AACAEF-5F71-427D-B4CE-E51613E4349C}"
	ProjectSection(SolutionItems) = preProject
		Diplomacy\___ContextualDiplomaticTermDefinition.xml = Diplomacy\___ContextualDiplomaticTermDefinition.xml
	EndProjectSection
EndProject
Project("{2150E333-8FDC-42A3-9474-1A3956D46DE8}") = "GalaxyGenerator", "GalaxyGenerator", "{6355F682-5270-46D6-B38E-EC4FC9BB53B9}"
	ProjectSection(SolutionItems) = preProject
		GalaxyGenerator\PlanetaryResourceDefinitions.xml = GalaxyGenerator\PlanetaryResourceDefinitions.xml
		GalaxyGenerator\PlanetGameplayTypeDefinitions.xml = GalaxyGenerator\PlanetGameplayTypeDefinitions.xml
		GalaxyGenerator\PlanetPopulationCapacityGroupDefinitions.xml = GalaxyGenerator\PlanetPopulationCapacityGroupDefinitions.xml
		GalaxyGenerator\PlanetTemperatureDefinitions.xml = GalaxyGenerator\PlanetTemperatureDefinitions.xml
		GalaxyGenerator\WeightTableDefinitions.xml = GalaxyGenerator\WeightTableDefinitions.xml
		GalaxyGenerator\WeightTableDefinitions[DLC2].xml = GalaxyGenerator\WeightTableDefinitions[DLC2].xml
		GalaxyGenerator\WeightTableDefinitions[DLC3].xml = GalaxyGenerator\WeightTableDefinitions[DLC3].xml
	EndProjectSection
EndProject
Project("{2150E333-8FDC-42A3-9474-1A3956D46DE8}") = "GroundBattle", "GroundBattle", "{73699A78-0ACC-4560-B57B-86C61552478E}"
	ProjectSection(SolutionItems) = preProject
		GroundBattle\GroundBattleFormationDefinitions[DLC2].xml = GroundBattle\GroundBattleFormationDefinitions[DLC2].xml
		GroundBattle\GroundBattleStrategies.xml = GroundBattle\GroundBattleStrategies.xml
		GroundBattle\GroundBattleStrategies[DLC2].xml = GroundBattle\GroundBattleStrategies[DLC2].xml
	EndProjectSection
EndProject
Project("{2150E333-8FDC-42A3-9474-1A3956D46DE8}") = "Gui", "Gui", "{5E4E79CD-DA0A-41AC-AE37-D455AAA693A1}"
	ProjectSection(SolutionItems) = preProject
		Gui\GuiElements[ContextualDiplomaticTerms].xml = Gui\GuiElements[ContextualDiplomaticTerms].xml
		Gui\GuiElements[EmpireImprovements_mod].xml = Gui\GuiElements[EmpireImprovements_mod].xml
		Gui\GuiElements[GameSettings_mod].xml = Gui\GuiElements[GameSettings_mod].xml
		Gui\GuiElements[GameVariables].xml = Gui\GuiElements[GameVariables].xml
		Gui\GuiElements[GroundBattle].xml = Gui\GuiElements[GroundBattle].xml
		Gui\GuiElements[HeroSkills_mod].xml = Gui\GuiElements[HeroSkills_mod].xml
		Gui\GuiElements[Laws].xml = Gui\GuiElements[Laws].xml
		Gui\GuiElements[Laws_DLC2].xml = Gui\GuiElements[Laws_DLC2].xml
		Gui\GuiElements[Laws_DLC3].xml = Gui\GuiElements[Laws_DLC3].xml
		Gui\GuiElements[Modules_DLC1_mod].xml = Gui\GuiElements[Modules_DLC1_mod].xml
		Gui\GuiElements[Modules_DLC3].xml = Gui\GuiElements[Modules_DLC3].xml
		Gui\GuiElements[Modules_mod].xml = Gui\GuiElements[Modules_mod].xml
		Gui\GuiElements[NewGameScreen].xml = Gui\GuiElements[NewGameScreen].xml
		Gui\GuiElements[PlanetGameplayTypes].xml = Gui\GuiElements[PlanetGameplayTypes].xml
		Gui\GuiElements[Recipes].xml = Gui\GuiElements[Recipes].xml
		Gui\GuiElements[ShipLevels].xml = Gui\GuiElements[ShipLevels].xml
		Gui\GuiElements[SimulationDescriptors].xml = Gui\GuiElements[SimulationDescriptors].xml
		Gui\GuiElements[StarSystemImprovement_mod].xml = Gui\GuiElements[StarSystemImprovement_mod].xml
		Gui\GuiElements[SystemActions_DLC3mod].xml = Gui\GuiElements[SystemActions_DLC3mod].xml
		Gui\GuiElements[SystemSupervisors].xml = Gui\GuiElements[SystemSupervisors].xml
		Gui\GuiElements[TechnologiesCuriosity].xml = Gui\GuiElements[TechnologiesCuriosity].xml
		Gui\GuiElements[TechnologiesQuadrant_Modded].xml = Gui\GuiElements[TechnologiesQuadrant_Modded].xml
		Gui\GuiElements[TechnologiesQuests_Modded].xml = Gui\GuiElements[TechnologiesQuests_Modded].xml
		Gui\GuiElements[TemporaryEffects_DLC1].xml = Gui\GuiElements[TemporaryEffects_DLC1].xml
		Gui\GuiElements[Terraformation].xml = Gui\GuiElements[Terraformation].xml
		Gui\GuiTooltipDescriptions.xml = Gui\GuiTooltipDescriptions.xml
	EndProjectSection
EndProject
Project("{2150E333-8FDC-42A3-9474-1A3956D46DE8}") = "Miscellaneous", "Miscellaneous", "{37EA466B-5797-4840-81AC-E8E909B4C1D5}"
	ProjectSection(SolutionItems) = preProject
		Gui\Miscellaneous\PanelFeatureModuleEffectsDefinition.xml = Gui\Miscellaneous\PanelFeatureModuleEffectsDefinition.xml
	EndProjectSection
EndProject
Project("{2150E333-8FDC-42A3-9474-1A3956D46DE8}") = "Localization", "Localization", "{61ACCFA6-3597-4FC8-AB3D-33378B00DD54}"
EndProject
Project("{2150E333-8FDC-42A3-9474-1A3956D46DE8}") = "english", "english", "{EC13C007-A481-4139-9689-41C1156FB1DD}"
	ProjectSection(SolutionItems) = preProject
		Localization\english\ES2_Localization_Locales.xml = Localization\english\ES2_Localization_Locales.xml
	EndProjectSection
EndProject
Project("{2150E333-8FDC-42A3-9474-1A3956D46DE8}") = "german", "german", "{FA4B9D7E-35B7-44F0-96ED-CB510211565B}"
	ProjectSection(SolutionItems) = preProject
		Localization\german\ES2_Localization_Locales.xml = Localization\german\ES2_Localization_Locales.xml
	EndProjectSection
EndProject
Project("{2150E333-8FDC-42A3-9474-1A3956D46DE8}") = "Mapping", "Mapping", "{52BBF8BC-0B96-4C0E-8261-2C23B945018F}"
	ProjectSection(SolutionItems) = preProject
		Mapping\Palettes.xml = Mapping\Palettes.xml
		Mapping\PalettesChroma.xml = Mapping\PalettesChroma.xml
	EndProjectSection
EndProject
Project("{2150E333-8FDC-42A3-9474-1A3956D46DE8}") = "MinorFactions", "MinorFactions", "{C91246E3-719F-4944-B50D-B8677BB776B0}"
	ProjectSection(SolutionItems) = preProject
		MinorFactions\ImprovementListDefinitions.xml = MinorFactions\ImprovementListDefinitions.xml
		MinorFactions\PlanetImprovementMappingDefinitions.xml = MinorFactions\PlanetImprovementMappingDefinitions.xml
	EndProjectSection
EndProject
Project("{2150E333-8FDC-42A3-9474-1A3956D46DE8}") = "Quests", "Quests", "{6428CCA8-220E-4EE3-8252-5B0F038406D9}"
	ProjectSection(SolutionItems) = preProject
		Quests\QuestDefinitions[Deeds_mod].xml = Quests\QuestDefinitions[Deeds_mod].xml
		Quests\QuestDefinitions[Deeds_Wonder].xml = Quests\QuestDefinitions[Deeds_Wonder].xml
	EndProjectSection
EndProject
Project("{2150E333-8FDC-42A3-9474-1A3956D46DE8}") = "Droplists", "Droplists", "{9A1EA51D-6DF3-429D-9513-7D095C7EF005}"
	ProjectSection(SolutionItems) = preProject
		Quests\Droplists\Droplists[DLC1].xml = Quests\Droplists\Droplists[DLC1].xml
	EndProjectSection
EndProject
Project("{2150E333-8FDC-42A3-9474-1A3956D46DE8}") = "Schemas", "Schemas", "{92B2B7CE-FB51-4EC0-A9A0-B8B089F32AEF}"
	ProjectSection(SolutionItems) = preProject
		Schemas\AllianceGuiElement.xsd = Schemas\AllianceGuiElement.xsd
		Schemas\Amplitude.Unity.Achievement.AchievementDefinition.xsd = Schemas\Amplitude.Unity.Achievement.AchievementDefinition.xsd
		Schemas\Amplitude.Unity.Achievement.AchievementStatisticDefinition.xsd = Schemas\Amplitude.Unity.Achievement.AchievementStatisticDefinition.xsd
		Schemas\Amplitude.Unity.Framework.AnimationCurve.xsd = Schemas\Amplitude.Unity.Framework.AnimationCurve.xsd
		Schemas\Amplitude.Unity.Game.Orders.OrderPolicySetup.xsd = Schemas\Amplitude.Unity.Game.Orders.OrderPolicySetup.xsd
		Schemas\Amplitude.Unity.Gui.GuiElement.xsd = Schemas\Amplitude.Unity.Gui.GuiElement.xsd
		Schemas\Amplitude.Unity.Gui.GuiTooltipDescription.xsd = Schemas\Amplitude.Unity.Gui.GuiTooltipDescription.xsd
		Schemas\Amplitude.Unity.Gui.GuiWindowsStackDefinition.xsd = Schemas\Amplitude.Unity.Gui.GuiWindowsStackDefinition.xsd
		Schemas\Amplitude.Unity.Localization.LocalizationDatatableElement.xsd = Schemas\Amplitude.Unity.Localization.LocalizationDatatableElement.xsd
		Schemas\Amplitude.Unity.Runtime.RuntimeModule.xsd = Schemas\Amplitude.Unity.Runtime.RuntimeModule.xsd
		Schemas\Amplitude.Unity.Simulation.SimulationDescriptor.xsd = Schemas\Amplitude.Unity.Simulation.SimulationDescriptor.xsd
		Schemas\Amplitude.Unity.View.Mapping.Xml.XmlMapping.xsd = Schemas\Amplitude.Unity.View.Mapping.Xml.XmlMapping.xsd
		Schemas\AnomalyDefinition.xsd = Schemas\AnomalyDefinition.xsd
		Schemas\AnomalyReductionDefinition.xsd = Schemas\AnomalyReductionDefinition.xsd
		Schemas\BailiffDefinition.xsd = Schemas\BailiffDefinition.xsd
		Schemas\BasicModuleDefinition.xsd = Schemas\BasicModuleDefinition.xsd
		Schemas\BattleActionDefinition.xsd = Schemas\BattleActionDefinition.xsd
		Schemas\BattleEffectDefinition.xsd = Schemas\BattleEffectDefinition.xsd
		Schemas\CameraShotDefinition.xsd = Schemas\CameraShotDefinition.xsd
		Schemas\CitadelDefinition.xsd = Schemas\CitadelDefinition.xsd
		Schemas\ConstellationOwnershipBonusDefinition.xsd = Schemas\ConstellationOwnershipBonusDefinition.xsd
		Schemas\ConstructibleElement.xsd = Schemas\ConstructibleElement.xsd
		Schemas\ConstructionRefundDefinition.xsd = Schemas\ConstructionRefundDefinition.xsd
		Schemas\ContextualDiplomaticTermDefinition.xsd = Schemas\ContextualDiplomaticTermDefinition.xsd
		Schemas\ContractStubDefinition.xsd = Schemas\ContractStubDefinition.xsd
		Schemas\CostReduction.xsd = Schemas\CostReduction.xsd
		Schemas\CuriosityDefinition.xsd = Schemas\CuriosityDefinition.xsd
		Schemas\CuriosityDroplist.xsd = Schemas\CuriosityDroplist.xsd
		Schemas\DiplomaticAbilityDefinition.xsd = Schemas\DiplomaticAbilityDefinition.xsd
		Schemas\DiplomaticFactionPactEffectDefinition.xsd = Schemas\DiplomaticFactionPactEffectDefinition.xsd
		Schemas\DiplomaticPressureEffectDefinition.xsd = Schemas\DiplomaticPressureEffectDefinition.xsd
		Schemas\DiplomaticRelationState.xsd = Schemas\DiplomaticRelationState.xsd
		Schemas\DisplacementEffectDefinition.xsd = Schemas\DisplacementEffectDefinition.xsd
		Schemas\Droplist.xsd = Schemas\Droplist.xsd
		Schemas\EffectZoneDefinition.xsd = Schemas\EffectZoneDefinition.xsd
		Schemas\ElectionActionDefinition.xsd = Schemas\ElectionActionDefinition.xsd
		Schemas\ElectionProcessDefinition.xsd = Schemas\ElectionProcessDefinition.xsd
		Schemas\ElectionProcessTaskDefinition.xsd = Schemas\ElectionProcessTaskDefinition.xsd
		Schemas\EmpireImprovementDefinition.xsd = Schemas\EmpireImprovementDefinition.xsd
		Schemas\EncounterArenaDefinition.xsd = Schemas\EncounterArenaDefinition.xsd
		Schemas\EncounterArrivalSequenceDefinition.xsd = Schemas\EncounterArrivalSequenceDefinition.xsd
		Schemas\EncounterEntityDefinition.xsd = Schemas\EncounterEntityDefinition.xsd
		Schemas\EncounterEventToRealizationEventDictionaryDefinition.xsd = Schemas\EncounterEventToRealizationEventDictionaryDefinition.xsd
		Schemas\EncounterFlotillaMatchDefinition.xsd = Schemas\EncounterFlotillaMatchDefinition.xsd
		Schemas\EncounterFormationDefinition.xsd = Schemas\EncounterFormationDefinition.xsd
		Schemas\EncounterPlayDefinition.xsd = Schemas\EncounterPlayDefinition.xsd
		Schemas\EncounterPlayTrajectoryDefinitionCollection.xsd = Schemas\EncounterPlayTrajectoryDefinitionCollection.xsd
		Schemas\EncounterSequenceDefinition.xsd = Schemas\EncounterSequenceDefinition.xsd
		Schemas\EncounterTargetingRangeDefinition.xsd = Schemas\EncounterTargetingRangeDefinition.xsd
		Schemas\EntityActionDefinition.xsd = Schemas\EntityActionDefinition.xsd
		Schemas\Faction.xsd = Schemas\Faction.xsd
		Schemas\FactionAffinity.xsd = Schemas\FactionAffinity.xsd
		Schemas\FactionAffinityMapping.xsd = Schemas\FactionAffinityMapping.xsd
		Schemas\FactionTrait.xsd = Schemas\FactionTrait.xsd
		Schemas\FactionTraitCategoryDefinition.xsd = Schemas\FactionTraitCategoryDefinition.xsd
		Schemas\FleetMissionDefinition.xsd = Schemas\FleetMissionDefinition.xsd
		Schemas\FleetNameMappingDefinition.xsd = Schemas\FleetNameMappingDefinition.xsd
		Schemas\ForeignAffairsConstructibleElement.xsd = Schemas\ForeignAffairsConstructibleElement.xsd
		Schemas\GalaxyGeneratorWeightTableDefinition.xsd = Schemas\GalaxyGeneratorWeightTableDefinition.xsd
		Schemas\GameSettingDefinition.xsd = Schemas\GameSettingDefinition.xsd
		Schemas\GameSettingRestrictionDefinition.xsd = Schemas\GameSettingRestrictionDefinition.xsd
		Schemas\GameStatisticDefinition.xsd = Schemas\GameStatisticDefinition.xsd
		Schemas\Generator.Definitions.GalaxyShapeMergePlans.xsd = Schemas\Generator.Definitions.GalaxyShapeMergePlans.xsd
		Schemas\Generator.Definitions.PlanetaryAnomalyDefinition.xsd = Schemas\Generator.Definitions.PlanetaryAnomalyDefinition.xsd
		Schemas\Generator.Definitions.PlanetaryResourceDefinition.xsd = Schemas\Generator.Definitions.PlanetaryResourceDefinition.xsd
		Schemas\Generator.Definitions.PlanetGameplayTypeDefinition.xsd = Schemas\Generator.Definitions.PlanetGameplayTypeDefinition.xsd
		Schemas\Generator.Definitions.PlanetPopulationCapacityGroupDefinition.xsd = Schemas\Generator.Definitions.PlanetPopulationCapacityGroupDefinition.xsd
		Schemas\Generator.Definitions.PlanetTemperatureDefinition.xsd = Schemas\Generator.Definitions.PlanetTemperatureDefinition.xsd
		Schemas\Generator.Definitions.PlanetTierDefinition.xsd = Schemas\Generator.Definitions.PlanetTierDefinition.xsd
		Schemas\GovernmentDefinition.xsd = Schemas\GovernmentDefinition.xsd
		Schemas\GroundBattleFormationDefinition.xsd = Schemas\GroundBattleFormationDefinition.xsd
		Schemas\GroundBattleOutcomeDefinition.xsd = Schemas\GroundBattleOutcomeDefinition.xsd
		Schemas\GroundBattleStrategyDefinition.xsd = Schemas\GroundBattleStrategyDefinition.xsd
		Schemas\GroundBattleTroopTypeConfig.xsd = Schemas\GroundBattleTroopTypeConfig.xsd
		Schemas\GroundBattleUnitConfig.xsd = Schemas\GroundBattleUnitConfig.xsd
		Schemas\GroundBattleViewerConfig.xsd = Schemas\GroundBattleViewerConfig.xsd
		Schemas\GuiCursor.xsd = Schemas\GuiCursor.xsd
		Schemas\GuiHighlightDefinition.xsd = Schemas\GuiHighlightDefinition.xsd
		Schemas\GuiPlanetSizeStatsModifiers.xsd = Schemas\GuiPlanetSizeStatsModifiers.xsd
		Schemas\GuiPlanetStatsModifier.xsd = Schemas\GuiPlanetStatsModifier.xsd
		Schemas\GuiPlanetTypeBaseStats.xsd = Schemas\GuiPlanetTypeBaseStats.xsd
		Schemas\GuiResourcePropertySet.xsd = Schemas\GuiResourcePropertySet.xsd
		Schemas\GuiSorter.xsd = Schemas\GuiSorter.xsd
		Schemas\HackingOperationOutcomeDefinition.xsd = Schemas\HackingOperationOutcomeDefinition.xsd
		Schemas\HackingProgramDefinition.xsd = Schemas\HackingProgramDefinition.xsd
		Schemas\HappinessStatusSetDefinition.xsd = Schemas\HappinessStatusSetDefinition.xsd
		Schemas\HereticRelationStateDefinition.xsd = Schemas\HereticRelationStateDefinition.xsd
		Schemas\HeroAffinityDefinition.xsd = Schemas\HeroAffinityDefinition.xsd
		Schemas\HeroClassDefinition.xsd = Schemas\HeroClassDefinition.xsd
		Schemas\HeroDefinition.xsd = Schemas\HeroDefinition.xsd
		Schemas\HeroMasteryDefinition.xsd = Schemas\HeroMasteryDefinition.xsd
		Schemas\HeroPoliticsDefinition.xsd = Schemas\HeroPoliticsDefinition.xsd
		Schemas\HeroSkillDefinition.xsd = Schemas\HeroSkillDefinition.xsd
		Schemas\HeroSkillTreeDefinition.xsd = Schemas\HeroSkillTreeDefinition.xsd
		Schemas\HeroUnlockGaugeDefinition.xsd = Schemas\HeroUnlockGaugeDefinition.xsd
		Schemas\HonorThresholdSetDefinition.xsd = Schemas\HonorThresholdSetDefinition.xsd
		Schemas\HullDefinition.xsd = Schemas\HullDefinition.xsd
		Schemas\ImprovementListDefinition.xsd = Schemas\ImprovementListDefinition.xsd
		Schemas\IndustryConstructibleElement.xsd = Schemas\IndustryConstructibleElement.xsd
		Schemas\LawDefinition.xsd = Schemas\LawDefinition.xsd
		Schemas\LevelUpRuleDefinition.xsd = Schemas\LevelUpRuleDefinition.xsd
		Schemas\LoadingTipGuiElement.xsd = Schemas\LoadingTipGuiElement.xsd
		Schemas\MajorFaction.xsd = Schemas\MajorFaction.xsd
		Schemas\ManpowerUpgradeDefinition.xsd = Schemas\ManpowerUpgradeDefinition.xsd
		Schemas\MarketplaceAdvertisementDefinition.xsd = Schemas\MarketplaceAdvertisementDefinition.xsd
		Schemas\MarketplaceEventDefinition.xsd = Schemas\MarketplaceEventDefinition.xsd
		Schemas\MedalDefinition.xsd = Schemas\MedalDefinition.xsd
		Schemas\MinigameDefinition.xsd = Schemas\MinigameDefinition.xsd
		Schemas\MinorFaction.xsd = Schemas\MinorFaction.xsd
		Schemas\MinorFactionPersonalityDefinition.xsd = Schemas\MinorFactionPersonalityDefinition.xsd
		Schemas\MinorStateDefinition.xsd = Schemas\MinorStateDefinition.xsd
		Schemas\ModuleDefinition.xsd = Schemas\ModuleDefinition.xsd
		Schemas\MouseCursorRule.xsd = Schemas\MouseCursorRule.xsd
		Schemas\NodeEffectDefinition.xsd = Schemas\NodeEffectDefinition.xsd
		Schemas\NodeVisibilityConditionsDefinition.xsd = Schemas\NodeVisibilityConditionsDefinition.xsd
		Schemas\Palette.xsd = Schemas\Palette.xsd
		Schemas\PaletteChroma.xsd = Schemas\PaletteChroma.xsd
		Schemas\PanelFeatureModuleEffectsDefinition.xsd = Schemas\PanelFeatureModuleEffectsDefinition.xsd
		Schemas\PersonalityDefinition.xsd = Schemas\PersonalityDefinition.xsd
		Schemas\PiratePowerLevelDefinition.xsd = Schemas\PiratePowerLevelDefinition.xsd
		Schemas\PirateRelationThresholdDefinition.xsd = Schemas\PirateRelationThresholdDefinition.xsd
		Schemas\PlanetColonizationConstructibleElement.xsd = Schemas\PlanetColonizationConstructibleElement.xsd
		Schemas\PlanetCuriosityExpeditionDefinition.xsd = Schemas\PlanetCuriosityExpeditionDefinition.xsd
		Schemas\PlanetImprovementMappingDefinition.xsd = Schemas\PlanetImprovementMappingDefinition.xsd
		Schemas\PlanetRemappingDefinition.xsd = Schemas\PlanetRemappingDefinition.xsd
		Schemas\PlanetReserveDefinition.xsd = Schemas\PlanetReserveDefinition.xsd
		Schemas\PoliticsDefinition.xsd = Schemas\PoliticsDefinition.xsd
		Schemas\PoliticsExperienceStatusDefinition.xsd = Schemas\PoliticsExperienceStatusDefinition.xsd
		Schemas\PoliticsSupportStatusDefinition.xsd = Schemas\PoliticsSupportStatusDefinition.xsd
		Schemas\PopulationAspirationDefinition.xsd = Schemas\PopulationAspirationDefinition.xsd
		Schemas\PopulationCollectionBonusTrait.xsd = Schemas\PopulationCollectionBonusTrait.xsd
		Schemas\PopulationDefinition.xsd = Schemas\PopulationDefinition.xsd
		Schemas\PopulationEventDefinition.xsd = Schemas\PopulationEventDefinition.xsd
		Schemas\PopulationLossResourceGainDefinition.xsd = Schemas\PopulationLossResourceGainDefinition.xsd
		Schemas\PopulationModifiersTrait.xsd = Schemas\PopulationModifiersTrait.xsd
		Schemas\PopulationPoliticalTraitDefinition.xsd = Schemas\PopulationPoliticalTraitDefinition.xsd
		Schemas\PopulationStateDefinition.xsd = Schemas\PopulationStateDefinition.xsd
		Schemas\PopulationTrait.xsd = Schemas\PopulationTrait.xsd
		Schemas\PropagatedPlanetDescriptorDefinition.xsd = Schemas\PropagatedPlanetDescriptorDefinition.xsd
		Schemas\PropagatedPlanetPropertyDefinition.xsd = Schemas\PropagatedPlanetPropertyDefinition.xsd
		Schemas\PropertyFilteringRuleDefinition.xsd = Schemas\PropertyFilteringRuleDefinition.xsd
		Schemas\QuestDefinition.xsd = Schemas\QuestDefinition.xsd
		Schemas\QuestEffectDefinition.xsd = Schemas\QuestEffectDefinition.xsd
		Schemas\QuestTriggeringMutualExclusionDefinition.xsd = Schemas\QuestTriggeringMutualExclusionDefinition.xsd
		Schemas\QuestTriggeringProbabilityDefinition.xsd = Schemas\QuestTriggeringProbabilityDefinition.xsd
		Schemas\RankDefinition.xsd = Schemas\RankDefinition.xsd
		Schemas\RankPatternDefinition.xsd = Schemas\RankPatternDefinition.xsd
		Schemas\RealizationEventDefinition.xsd = Schemas\RealizationEventDefinition.xsd
		Schemas\RecipeIngredientDefinition.xsd = Schemas\RecipeIngredientDefinition.xsd
		Schemas\RecipeSlotDefinition.xsd = Schemas\RecipeSlotDefinition.xsd
		Schemas\RecipeSpecialEffectDefinition.xsd = Schemas\RecipeSpecialEffectDefinition.xsd
		Schemas\RemainsDefinition.xsd = Schemas\RemainsDefinition.xsd
		Schemas\RemappingDefinition.xsd = Schemas\RemappingDefinition.xsd
		Schemas\ResourceConverterDefinition.xsd = Schemas\ResourceConverterDefinition.xsd
		Schemas\ResourceDefinition.xsd = Schemas\ResourceDefinition.xsd
		Schemas\ResourceDepositDefinition.xsd = Schemas\ResourceDepositDefinition.xsd
		Schemas\SalvoDefinition.xsd = Schemas\SalvoDefinition.xsd
		Schemas\ScienceConstructibleElement.xsd = Schemas\ScienceConstructibleElement.xsd
		Schemas\ScoreProviderListDefinition.xsd = Schemas\ScoreProviderListDefinition.xsd
		Schemas\SenatorInteractionDefinition.xsd = Schemas\SenatorInteractionDefinition.xsd
		Schemas\ShipConditionalConstructionEffectDefinition.xsd = Schemas\ShipConditionalConstructionEffectDefinition.xsd
		Schemas\ShipDesignDefinition.xsd = Schemas\ShipDesignDefinition.xsd
		Schemas\ShipDesignTemplateDefinition.xsd = Schemas\ShipDesignTemplateDefinition.xsd
		Schemas\ShipRoleDefinition.xsd = Schemas\ShipRoleDefinition.xsd
		Schemas\SpecialNodeDefinition.xsd = Schemas\SpecialNodeDefinition.xsd
		Schemas\SquadronFormationDefinition.xsd = Schemas\SquadronFormationDefinition.xsd
		Schemas\SquadronMetaFormationDefinition.xsd = Schemas\SquadronMetaFormationDefinition.xsd
		Schemas\SquadronMissionDefinition.xsd = Schemas\SquadronMissionDefinition.xsd
		Schemas\SquadronStanceDefinition.xsd = Schemas\SquadronStanceDefinition.xsd
		Schemas\SquadronStanceSelectorDefinition.xsd = Schemas\SquadronStanceSelectorDefinition.xsd
		Schemas\StarDestructionDefinition.xsd = Schemas\StarDestructionDefinition.xsd
		Schemas\StarSystemNodeDefinition.xsd = Schemas\StarSystemNodeDefinition.xsd
		Schemas\SystemDefenseThresholdDefinition.xsd = Schemas\SystemDefenseThresholdDefinition.xsd
		Schemas\SystemDiscoverySequenceDefinition.xsd = Schemas\SystemDiscoverySequenceDefinition.xsd
		Schemas\SystemSupervisorDefinition.xsd = Schemas\SystemSupervisorDefinition.xsd
		Schemas\TechnologyHelperVariableDefinition.xsd = Schemas\TechnologyHelperVariableDefinition.xsd
		Schemas\TechnologyLinkDefinition.xsd = Schemas\TechnologyLinkDefinition.xsd
		Schemas\TechnologyQuadrantDefinition.xsd = Schemas\TechnologyQuadrantDefinition.xsd
		Schemas\TechnologyStageDefinition.xsd = Schemas\TechnologyStageDefinition.xsd
		Schemas\TemporaryEffectDefinition.xsd = Schemas\TemporaryEffectDefinition.xsd
		Schemas\TimeBubbleDefinition.xsd = Schemas\TimeBubbleDefinition.xsd
		Schemas\TradableCategoryDefinition.xsd = Schemas\TradableCategoryDefinition.xsd
		Schemas\TradableDefinition.xsd = Schemas\TradableDefinition.xsd
		Schemas\TradableSubCategoryDefinition.xsd = Schemas\TradableSubCategoryDefinition.xsd
		Schemas\TradingCompanyDefinition.xsd = Schemas\TradingCompanyDefinition.xsd
		Schemas\TradingCompanyImprovementDefinition.xsd = Schemas\TradingCompanyImprovementDefinition.xsd
		Schemas\TraitorBonusThresholdDefinition.xsd = Schemas\TraitorBonusThresholdDefinition.xsd
		Schemas\TraitorLossResourceGainDefinition.xsd = Schemas\TraitorLossResourceGainDefinition.xsd
		Schemas\TutorialDefinition.xsd = Schemas\TutorialDefinition.xsd
		Schemas\UniquePlanetQuestBindingDefinition.xsd = Schemas\UniquePlanetQuestBindingDefinition.xsd
		Schemas\UnlockDatatableElement.xsd = Schemas\UnlockDatatableElement.xsd
		Schemas\VictoryConditionDefinition.xsd = Schemas\VictoryConditionDefinition.xsd
		Schemas\WarPointsRewardDefinition.xsd = Schemas\WarPointsRewardDefinition.xsd
		Schemas\ZoneEffectDefinition.xsd = Schemas\ZoneEffectDefinition.xsd
	EndProjectSection
EndProject
Project("{2150E333-8FDC-42A3-9474-1A3956D46DE8}") = "Settings", "Settings", "{F89AC8A6-7F79-4AC1-8510-01702DCDD9DC}"
	ProjectSection(SolutionItems) = preProject
		Settings\GameSettingDefinitions.xml = Settings\GameSettingDefinitions.xml
		Settings\WorldSettingDefinitions.xml = Settings\WorldSettingDefinitions.xml
	EndProjectSection
EndProject
Project("{2150E333-8FDC-42A3-9474-1A3956D46DE8}") = "Simulation", "Simulation", "{C86E5919-8CF5-4648-9AD5-B8462D9A2142}"
	ProjectSection(SolutionItems) = preProject
		Simulation\___SimulationDescriptors[TradingCompany].xml = Simulation\___SimulationDescriptors[TradingCompany].xml
		Simulation\AnomalyDefinitions.xml = Simulation\AnomalyDefinitions.xml
		Simulation\ConstructibleElement_Industry[DLC1_StarSystemImprovementQuest].xml = Simulation\ConstructibleElement_Industry[DLC1_StarSystemImprovementQuest].xml
		Simulation\ConstructibleElement_Industry[PlanetaryImprovements].xml = Simulation\ConstructibleElement_Industry[PlanetaryImprovements].xml
		Simulation\ConstructibleElement_Industry[PlanetColonization].xml = Simulation\ConstructibleElement_Industry[PlanetColonization].xml
		Simulation\ConstructibleElement_Industry[StarSystemImprovement_modded].xml = Simulation\ConstructibleElement_Industry[StarSystemImprovement_modded].xml
		Simulation\ConstructibleElement_Industry[StarSystemImprovementCuriosity].xml = Simulation\ConstructibleElement_Industry[StarSystemImprovementCuriosity].xml
		Simulation\ConstructibleElement_Industry[Terraformation].xml = Simulation\ConstructibleElement_Industry[Terraformation].xml
		Simulation\ConstructibleElement_Industry[Terraformation_mod].xml = Simulation\ConstructibleElement_Industry[Terraformation_mod].xml
		Simulation\ConstructibleElement_Science[Curiosity].xml = Simulation\ConstructibleElement_Science[Curiosity].xml
		Simulation\ConstructibleElement_Science[QuadrantEconomyAndTrade].xml = Simulation\ConstructibleElement_Science[QuadrantEconomyAndTrade].xml
		Simulation\ConstructibleElement_Science[QuadrantEmpireDevelopment].xml = Simulation\ConstructibleElement_Science[QuadrantEmpireDevelopment].xml
		Simulation\ConstructibleElement_Science[QuadrantMilitary].xml = Simulation\ConstructibleElement_Science[QuadrantMilitary].xml
		Simulation\ConstructibleElement_Science[QuadrantScienceAndExploration].xml = Simulation\ConstructibleElement_Science[QuadrantScienceAndExploration].xml
		Simulation\ConstructibleElement_Science[Quest].xml = Simulation\ConstructibleElement_Science[Quest].xml
		Simulation\CuriosityDroplists.xml = Simulation\CuriosityDroplists.xml
		Simulation\CuriosityDroplists[DLC2].xml = Simulation\CuriosityDroplists[DLC2].xml
		Simulation\CuriosityDroplists[leftovers].xml = Simulation\CuriosityDroplists[leftovers].xml
		Simulation\EmpireImprovements.xml = Simulation\EmpireImprovements.xml
		Simulation\EmpireImprovements[DLC1].xml = Simulation\EmpireImprovements[DLC1].xml
		Simulation\EmpireImprovements[DLC2].xml = Simulation\EmpireImprovements[DLC2].xml
		Simulation\EmpireImprovements[DLC3].xml = Simulation\EmpireImprovements[DLC3].xml
		Simulation\EmpireImprovements[mod].xml = Simulation\EmpireImprovements[mod].xml
		Simulation\EntityActions[DLC2].xml = Simulation\EntityActions[DLC2].xml
		Simulation\EntityActions[DLC3].xml = Simulation\EntityActions[DLC3].xml
		Simulation\EntityActions[Minor].xml = Simulation\EntityActions[Minor].xml
		Simulation\EntityActions[System].xml = Simulation\EntityActions[System].xml
		Simulation\Factions[Major].xml = Simulation\Factions[Major].xml
		Simulation\FactionTraits[Affinity].xml = Simulation\FactionTraits[Affinity].xml
		Simulation\FactionTraits[Affinity_DLC1].xml = Simulation\FactionTraits[Affinity_DLC1].xml
		Simulation\FactionTraits[Affinity_DLC2].xml = Simulation\FactionTraits[Affinity_DLC2].xml
		Simulation\FactionTraits[Affinity_DLC3].xml = Simulation\FactionTraits[Affinity_DLC3].xml
		Simulation\FactionTraits[Affinity_DLC4].xml = Simulation\FactionTraits[Affinity_DLC4].xml
		Simulation\FactionTraits[AffinityMapping].xml = Simulation\FactionTraits[AffinityMapping].xml
		Simulation\HackingProgramDefinitions[DLC3].xml = Simulation\HackingProgramDefinitions[DLC3].xml
		Simulation\HeroSkillDefinitions.xml = Simulation\HeroSkillDefinitions.xml
		Simulation\HeroSkillDefinitions[DLC1].xml = Simulation\HeroSkillDefinitions[DLC1].xml
		Simulation\HeroSkillDefinitions[DLC2].xml = Simulation\HeroSkillDefinitions[DLC2].xml
		Simulation\HeroSkillDefinitions[DLC3].xml = Simulation\HeroSkillDefinitions[DLC3].xml
		Simulation\HeroSkillDefinitions[Mod].xml = Simulation\HeroSkillDefinitions[Mod].xml
		Simulation\HeroSkillDefinitions[Update10].xml = Simulation\HeroSkillDefinitions[Update10].xml
		Simulation\HeroSkillDefinitions[Update5].xml = Simulation\HeroSkillDefinitions[Update5].xml
		Simulation\HeroSkillDefinitions[Update8].xml = Simulation\HeroSkillDefinitions[Update8].xml
		Simulation\HeroSkillTreeDefinitions.xml = Simulation\HeroSkillTreeDefinitions.xml
		Simulation\HeroSkillTreeDefinitions[DLC1].xml = Simulation\HeroSkillTreeDefinitions[DLC1].xml
		Simulation\HeroSkillTreeDefinitions[DLC2].xml = Simulation\HeroSkillTreeDefinitions[DLC2].xml
		Simulation\HeroSkillTreeDefinitions[DLC3].xml = Simulation\HeroSkillTreeDefinitions[DLC3].xml
		Simulation\HeroSkillTreeDefinitions[DLC4].xml = Simulation\HeroSkillTreeDefinitions[DLC4].xml
		Simulation\HeroUnlockGaugeDefinitions.xml = Simulation\HeroUnlockGaugeDefinitions.xml
		Simulation\LawDefinitions.xml = Simulation\LawDefinitions.xml
		Simulation\LawDefinitions[DLC2].xml = Simulation\LawDefinitions[DLC2].xml
		Simulation\LawDefinitions[DLC3].xml = Simulation\LawDefinitions[DLC3].xml
		Simulation\ManpowerUpgradeDefinition.xml = Simulation\ManpowerUpgradeDefinition.xml
		Simulation\MarketplaceEventDefinitions.xml = Simulation\MarketplaceEventDefinitions.xml
		Simulation\PopulationCollectionBonusTraits.xml = Simulation\PopulationCollectionBonusTraits.xml
		Simulation\PopulationCollectionBonusTraits[DLC1].xml = Simulation\PopulationCollectionBonusTraits[DLC1].xml
		Simulation\PopulationCollectionBonusTraits[DLC2].xml = Simulation\PopulationCollectionBonusTraits[DLC2].xml
		Simulation\PopulationCollectionBonusTraits[DLC3].xml = Simulation\PopulationCollectionBonusTraits[DLC3].xml
		Simulation\PopulationCollectionBonusTraits[DLC4].xml = Simulation\PopulationCollectionBonusTraits[DLC4].xml
		Simulation\PopulationCollectionBonusTraits[Update8].xml = Simulation\PopulationCollectionBonusTraits[Update8].xml
		Simulation\PopulationCollectionBonusTraits[Update9].xml = Simulation\PopulationCollectionBonusTraits[Update9].xml
		Simulation\PopulationDefinitions.xml = Simulation\PopulationDefinitions.xml
		Simulation\PopulationModifiersTraits.xml = Simulation\PopulationModifiersTraits.xml
		Simulation\PopulationPoliticalEventDefinitions[Capture].xml = Simulation\PopulationPoliticalEventDefinitions[Capture].xml
		Simulation\PopulationPoliticalEventDefinitions[Hero].xml = Simulation\PopulationPoliticalEventDefinitions[Hero].xml
		Simulation\PopulationPoliticalEventDefinitions[Outpost].xml = Simulation\PopulationPoliticalEventDefinitions[Outpost].xml
		Simulation\PopulationPoliticalEventDefinitions[Test].xml = Simulation\PopulationPoliticalEventDefinitions[Test].xml
		Simulation\ResourceConverterDefinitions.xml = Simulation\ResourceConverterDefinitions.xml
		Simulation\ResourceDefinitions.xml = Simulation\ResourceDefinitions.xml
		Simulation\SimulationDescriptors[Anomaly_DLC2].xml = Simulation\SimulationDescriptors[Anomaly_DLC2].xml
		Simulation\SimulationDescriptors[AutoStarSystemImprovement].xml = Simulation\SimulationDescriptors[AutoStarSystemImprovement].xml
		Simulation\SimulationDescriptors[ColonizedPlanet].xml = Simulation\SimulationDescriptors[ColonizedPlanet].xml
		Simulation\SimulationDescriptors[ColonizedStarSystem].xml = Simulation\SimulationDescriptors[ColonizedStarSystem].xml
		Simulation\SimulationDescriptors[DLC1].xml = Simulation\SimulationDescriptors[DLC1].xml
		Simulation\SimulationDescriptors[DLC4].xml = Simulation\SimulationDescriptors[DLC4].xml
		Simulation\SimulationDescriptors[Empire].xml = Simulation\SimulationDescriptors[Empire].xml
		Simulation\SimulationDescriptors[EmpireImprovements].xml = Simulation\SimulationDescriptors[EmpireImprovements].xml
		Simulation\SimulationDescriptors[EmpireImprovements_DLC2].xml = Simulation\SimulationDescriptors[EmpireImprovements_DLC2].xml
		Simulation\SimulationDescriptors[EmpireImprovements_mod].xml = Simulation\SimulationDescriptors[EmpireImprovements_mod].xml
		Simulation\SimulationDescriptors[FactionTrait].xml = Simulation\SimulationDescriptors[FactionTrait].xml
		Simulation\SimulationDescriptors[FactionTrait_DLC2].xml = Simulation\SimulationDescriptors[FactionTrait_DLC2].xml
		Simulation\SimulationDescriptors[Fleet_DLC4].xml = Simulation\SimulationDescriptors[Fleet_DLC4].xml
		Simulation\SimulationDescriptors[GameDifficulty].xml = Simulation\SimulationDescriptors[GameDifficulty].xml
		Simulation\SimulationDescriptors[GameSpeed].xml = Simulation\SimulationDescriptors[GameSpeed].xml
		Simulation\SimulationDescriptors[Garrison].xml = Simulation\SimulationDescriptors[Garrison].xml
		Simulation\SimulationDescriptors[Government].xml = Simulation\SimulationDescriptors[Government].xml
		Simulation\SimulationDescriptors[Hacking_DLC3].xml = Simulation\SimulationDescriptors[Hacking_DLC3].xml
		Simulation\SimulationDescriptors[Hero].xml = Simulation\SimulationDescriptors[Hero].xml
		Simulation\SimulationDescriptors[HeroSkill].xml = Simulation\SimulationDescriptors[HeroSkill].xml
		Simulation\SimulationDescriptors[HeroSkill_Mod].xml = Simulation\SimulationDescriptors[HeroSkill_Mod].xml
		Simulation\SimulationDescriptors[Law].xml = Simulation\SimulationDescriptors[Law].xml
		Simulation\SimulationDescriptors[LawEffect].xml = Simulation\SimulationDescriptors[LawEffect].xml
		Simulation\SimulationDescriptors[LawEffect_DLC2].xml = Simulation\SimulationDescriptors[LawEffect_DLC2].xml
		Simulation\SimulationDescriptors[ManpowerUpgrade].xml = Simulation\SimulationDescriptors[ManpowerUpgrade].xml
		Simulation\SimulationDescriptors[Marketplace].xml = Simulation\SimulationDescriptors[Marketplace].xml
		Simulation\SimulationDescriptors[MarketplaceEvents].xml = Simulation\SimulationDescriptors[MarketplaceEvents].xml
		Simulation\SimulationDescriptors[Migration].xml = Simulation\SimulationDescriptors[Migration].xml
		Simulation\SimulationDescriptors[MinorRelation].xml = Simulation\SimulationDescriptors[MinorRelation].xml
		Simulation\SimulationDescriptors[mod].xml = Simulation\SimulationDescriptors[mod].xml
		Simulation\SimulationDescriptors[Pirates].xml = Simulation\SimulationDescriptors[Pirates].xml
		Simulation\SimulationDescriptors[Planet].xml = Simulation\SimulationDescriptors[Planet].xml
		Simulation\SimulationDescriptors[Planet_Update5].xml = Simulation\SimulationDescriptors[Planet_Update5].xml
		Simulation\SimulationDescriptors[PlanetaryImprovement].xml = Simulation\SimulationDescriptors[PlanetaryImprovement].xml
		Simulation\SimulationDescriptors[Population].xml = Simulation\SimulationDescriptors[Population].xml
		Simulation\SimulationDescriptors[PopulationCollectionBonus].xml = Simulation\SimulationDescriptors[PopulationCollectionBonus].xml
		Simulation\SimulationDescriptors[PopulationModifierTraits].xml = Simulation\SimulationDescriptors[PopulationModifierTraits].xml
		Simulation\SimulationDescriptors[QuestEffects].xml = Simulation\SimulationDescriptors[QuestEffects].xml
		Simulation\SimulationDescriptors[Recipes].xml = Simulation\SimulationDescriptors[Recipes].xml
		Simulation\SimulationDescriptors[Research].xml = Simulation\SimulationDescriptors[Research].xml
		Simulation\SimulationDescriptors[ResourceDeposit].xml = Simulation\SimulationDescriptors[ResourceDeposit].xml
		Simulation\SimulationDescriptors[SpecialNodes].xml = Simulation\SimulationDescriptors[SpecialNodes].xml
		Simulation\SimulationDescriptors[StarSystem].xml = Simulation\SimulationDescriptors[StarSystem].xml
		Simulation\SimulationDescriptors[StarSystemImprovement].xml = Simulation\SimulationDescriptors[StarSystemImprovement].xml
		Simulation\SimulationDescriptors[Technology_Colonization].xml = Simulation\SimulationDescriptors[Technology_Colonization].xml
		Simulation\SimulationDescriptors[TechnologyScienceAndExploration].xml = Simulation\SimulationDescriptors[TechnologyScienceAndExploration].xml
		Simulation\SimulationDescriptors[TimeBubble].xml = Simulation\SimulationDescriptors[TimeBubble].xml
		Simulation\SimulationDescriptors[TradableCategories].xml = Simulation\SimulationDescriptors[TradableCategories].xml
		Simulation\SimulationDescriptors[Tradables].xml = Simulation\SimulationDescriptors[Tradables].xml
		Simulation\SimulationDescriptors[UniquePlanet].xml = Simulation\SimulationDescriptors[UniquePlanet].xml
		Simulation\SimulationDescriptors[UniquePlanet_DLC2].xml = Simulation\SimulationDescriptors[UniquePlanet_DLC2].xml
		Simulation\SimulationDescriptors[UniquePlanet_DLC4].xml = Simulation\SimulationDescriptors[UniquePlanet_DLC4].xml
		Simulation\SystemSupervisorDefinitions.xml = Simulation\SystemSupervisorDefinitions.xml
		Simulation\TechnologyLinkDefinitions[Quadrants_modded].xml = Simulation\TechnologyLinkDefinitions[Quadrants_modded].xml
		Simulation\TemporaryEffectDefinitions.xml = Simulation\TemporaryEffectDefinitions.xml
		Simulation\TemporaryEffectDefinitions[DLC1].xml = Simulation\TemporaryEffectDefinitions[DLC1].xml
		Simulation\TradableDefinitions[Heroes].xml = Simulation\TradableDefinitions[Heroes].xml
		Simulation\TradableDefinitions[Resource].xml = Simulation\TradableDefinitions[Resource].xml
	EndProjectSection
EndProject
Project("{2150E333-8FDC-42A3-9474-1A3956D46DE8}") = "Battles", "Battles", "{918677A6-D2B5-49E9-935A-2200F4E972F8}"
	ProjectSection(SolutionItems) = preProject
		Simulation\Battles\HullDefinitions[Cravers].xml = Simulation\Battles\HullDefinitions[Cravers].xml
		Simulation\Battles\HullDefinitions[DLC2].xml = Simulation\Battles\HullDefinitions[DLC2].xml
		Simulation\Battles\HullDefinitions[DLC4].xml = Simulation\Battles\HullDefinitions[DLC4].xml
		Simulation\Battles\HullDefinitions[Hisshos_DLC2].xml = Simulation\Battles\HullDefinitions[Hisshos_DLC2].xml
		Simulation\Battles\HullDefinitions[Horatio].xml = Simulation\Battles\HullDefinitions[Horatio].xml
		Simulation\Battles\HullDefinitions[Sophons].xml = Simulation\Battles\HullDefinitions[Sophons].xml
		Simulation\Battles\HullDefinitions[Templars].xml = Simulation\Battles\HullDefinitions[Templars].xml
		Simulation\Battles\HullDefinitions[Terrans].xml = Simulation\Battles\HullDefinitions[Terrans].xml
		Simulation\Battles\HullDefinitions[TimeLords].xml = Simulation\Battles\HullDefinitions[TimeLords].xml
		Simulation\Battles\HullDefinitions[UmbralChoir_DLC3].xml = Simulation\Battles\HullDefinitions[UmbralChoir_DLC3].xml
		Simulation\Battles\HullDefinitions[Unfallen].xml = Simulation\Battles\HullDefinitions[Unfallen].xml
		Simulation\Battles\HullDefinitions[Vampirilis].xml = Simulation\Battles\HullDefinitions[Vampirilis].xml
		Simulation\Battles\HullDefinitions[Vaulters_DLC1].xml = Simulation\Battles\HullDefinitions[Vaulters_DLC1].xml
		Simulation\Battles\HullDefinitions[Venetians].xml = Simulation\Battles\HullDefinitions[Venetians].xml
		Simulation\Battles\LevelUpRuleDefinitions.xml = Simulation\Battles\LevelUpRuleDefinitions.xml
		Simulation\Battles\ModuleDefinitions[Defense].xml = Simulation\Battles\ModuleDefinitions[Defense].xml
		Simulation\Battles\ModuleDefinitions[DLC1_mod].xml = Simulation\Battles\ModuleDefinitions[DLC1_mod].xml
		Simulation\Battles\ModuleDefinitions[DLC2].xml = Simulation\Battles\ModuleDefinitions[DLC2].xml
		Simulation\Battles\ModuleDefinitions[DLC3].xml = Simulation\Battles\ModuleDefinitions[DLC3].xml
		Simulation\Battles\ModuleDefinitions[Mothership].xml = Simulation\Battles\ModuleDefinitions[Mothership].xml
		Simulation\Battles\ModuleDefinitions[Squadron].xml = Simulation\Battles\ModuleDefinitions[Squadron].xml
		Simulation\Battles\ModuleDefinitions[Support_mod].xml = Simulation\Battles\ModuleDefinitions[Support_mod].xml
		Simulation\Battles\ModuleDefinitions[Update12].xml = Simulation\Battles\ModuleDefinitions[Update12].xml
		Simulation\Battles\ModuleDefinitions[Update5].xml = Simulation\Battles\ModuleDefinitions[Update5].xml
		Simulation\Battles\ModuleDefinitions[Weapon].xml = Simulation\Battles\ModuleDefinitions[Weapon].xml
		Simulation\Battles\RankDefinitions.xml = Simulation\Battles\RankDefinitions.xml
		Simulation\Battles\RankPatternDefinitions.xml = Simulation\Battles\RankPatternDefinitions.xml
		Simulation\Battles\ShipDesignDefinitions.xml = Simulation\Battles\ShipDesignDefinitions.xml
		Simulation\Battles\ShipDesignDefinitions[DLC2].xml = Simulation\Battles\ShipDesignDefinitions[DLC2].xml
		Simulation\Battles\ShipDesignDefinitions[Horatio].xml = Simulation\Battles\ShipDesignDefinitions[Horatio].xml
		Simulation\Battles\ShipDesignDefinitions[Quest].xml = Simulation\Battles\ShipDesignDefinitions[Quest].xml
		Simulation\Battles\ShipDesignDefinitions[UmbralChoir_DLC3].xml = Simulation\Battles\ShipDesignDefinitions[UmbralChoir_DLC3].xml
		Simulation\Battles\ShipRoleDefinitions.xml = Simulation\Battles\ShipRoleDefinitions.xml
		Simulation\Battles\ShipRoleDefinitions[DLC2].xml = Simulation\Battles\ShipRoleDefinitions[DLC2].xml
		Simulation\Battles\SimulationDescriptors[DLC2].xml = Simulation\Battles\SimulationDescriptors[DLC2].xml
		Simulation\SimulationDescriptors[DLC4].xml = Simulation\SimulationDescriptors[DLC4].xml
		Simulation\Battles\SimulationDescriptors[Encounter].xml = Simulation\Battles\SimulationDescriptors[Encounter].xml
		Simulation\Battles\SimulationDescriptors[ModuleDefense].xml = Simulation\Battles\SimulationDescriptors[ModuleDefense].xml
		Simulation\Battles\SimulationDescriptors[ModuleDLC1_mod].xml = Simulation\Battles\SimulationDescriptors[ModuleDLC1_mod].xml
		Simulation\Battles\SimulationDescriptors[ModuleDLC2].xml = Simulation\Battles\SimulationDescriptors[ModuleDLC2].xml
		Simulation\Battles\SimulationDescriptors[ModuleSquadron].xml = Simulation\Battles\SimulationDescriptors[ModuleSquadron].xml
		Simulation\Battles\SimulationDescriptors[ModuleSupport].xml = Simulation\Battles\SimulationDescriptors[ModuleSupport].xml
		Simulation\Battles\SimulationDescriptors[ModuleUpdate12].xml = Simulation\Battles\SimulationDescriptors[ModuleUpdate12].xml
		Simulation\Battles\SimulationDescriptors[ModuleWeapon].xml = Simulation\Battles\SimulationDescriptors[ModuleWeapon].xml
		Simulation\Battles\SimulationDescriptors[Mothership].xml = Simulation\Battles\SimulationDescriptors[Mothership].xml
		Simulation\Battles\SimulationDescriptors[Ship].xml = Simulation\Battles\SimulationDescriptors[Ship].xml
		Simulation\Battles\SimulationDescriptors[Ship_DLC2].xml = Simulation\Battles\SimulationDescriptors[Ship_DLC2].xml
	EndProjectSection
EndProject
Project("{2150E333-8FDC-42A3-9474-1A3956D46DE8}") = "AcademyFaction", "AcademyFaction", "{09745294-E2D8-4214-8D15-348B92945618}"
	ProjectSection(SolutionItems) = preProject
		AcademyFactions\AcademyStateDefinitions[DLC4].xml = AcademyFactions\AcademyStateDefinitions[DLC4].xml
		AcademyFactions\FleetMissionDefinitions[DLC4].xml = AcademyFactions\FleetMissionDefinitions[DLC4].xml
		AcademyFactions\ImprovementListDefinitions[DLC4].xml = AcademyFactions\ImprovementListDefinitions[DLC4].xml
	EndProjectSection
EndProject
Global
	GlobalSection(SolutionProperties) = preSolution
		HideSolutionNode = FALSE
	EndGlobalSection
	GlobalSection(NestedProjects) = preSolution
		{E3AACAEF-5F71-427D-B4CE-E51613E4349C} = {6CF4F621-97C5-424F-BE1A-D440713F3B0A}
		{6355F682-5270-46D6-B38E-EC4FC9BB53B9} = {6CF4F621-97C5-424F-BE1A-D440713F3B0A}
		{73699A78-0ACC-4560-B57B-86C61552478E} = {6CF4F621-97C5-424F-BE1A-D440713F3B0A}
		{5E4E79CD-DA0A-41AC-AE37-D455AAA693A1} = {6CF4F621-97C5-424F-BE1A-D440713F3B0A}
		{37EA466B-5797-4840-81AC-E8E909B4C1D5} = {5E4E79CD-DA0A-41AC-AE37-D455AAA693A1}
		{61ACCFA6-3597-4FC8-AB3D-33378B00DD54} = {6CF4F621-97C5-424F-BE1A-D440713F3B0A}
		{EC13C007-A481-4139-9689-41C1156FB1DD} = {61ACCFA6-3597-4FC8-AB3D-33378B00DD54}
		{FA4B9D7E-35B7-44F0-96ED-CB510211565B} = {61ACCFA6-3597-4FC8-AB3D-33378B00DD54}
		{52BBF8BC-0B96-4C0E-8261-2C23B945018F} = {6CF4F621-97C5-424F-BE1A-D440713F3B0A}
		{C91246E3-719F-4944-B50D-B8677BB776B0} = {6CF4F621-97C5-424F-BE1A-D440713F3B0A}
		{6428CCA8-220E-4EE3-8252-5B0F038406D9} = {6CF4F621-97C5-424F-BE1A-D440713F3B0A}
		{9A1EA51D-6DF3-429D-9513-7D095C7EF005} = {6428CCA8-220E-4EE3-8252-5B0F038406D9}
		{92B2B7CE-FB51-4EC0-A9A0-B8B089F32AEF} = {6CF4F621-97C5-424F-BE1A-D440713F3B0A}
		{F89AC8A6-7F79-4AC1-8510-01702DCDD9DC} = {6CF4F621-97C5-424F-BE1A-D440713F3B0A}
		{C86E5919-8CF5-4648-9AD5-B8462D9A2142} = {6CF4F621-97C5-424F-BE1A-D440713F3B0A}
		{918677A6-D2B5-49E9-935A-2200F4E972F8} = {C86E5919-8CF5-4648-9AD5-B8462D9A2142}
		{09745294-E2D8-4214-8D15-348B92945618} = {6CF4F621-97C5-424F-BE1A-D440713F3B0A}
	EndGlobalSection
	GlobalSection(ExtensibilityGlobals) = postSolution
		SolutionGuid = {6ADAE7D3-94C0-4E17-8E7E-116154E0FAD2}
	EndGlobalSection
EndGlobal
